
Microsoft Visual Studio Solution File, Format Version 12.00
# Visual Studio Version 17
VisualStudioVersion = 17.14.36327.8 d17.14
MinimumVisualStudioVersion = 10.0.40219.1
Project("{FAE04EC0-301F-11D3-BF4B-00C04F79EFBC}") = "Student_Form", "Student_Form.csproj", "{851CAD11-2121-4506-94F1-046898224F1C}"
EndProject
Global
	GlobalSection(SolutionConfigurationPlatforms) = preSolution
		Debug|Any CPU = Debug|Any CPU
		Release|Any CPU = Release|Any CPU
	EndGlobalSection
	GlobalSection(ProjectConfigurationPlatforms) = postSolution
		{851CAD11-2121-4506-94F1-046898224F1C}.Debug|Any CPU.ActiveCfg = Debug|Any CPU
		{851CAD11-2121-4506-94F1-046898224F1C}.Debug|Any CPU.Build.0 = Debug|Any CPU
		{851CAD11-2121-4506-94F1-046898224F1C}.Release|Any CPU.ActiveCfg = Release|Any CPU
		{851CAD11-2121-4506-94F1-046898224F1C}.Release|Any CPU.Build.0 = Release|Any CPU
	EndGlobalSection
	GlobalSection(SolutionProperties) = preSolution
		HideSolutionNode = FALSE
	EndGlobalSection
	GlobalSection(ExtensibilityGlobals) = postSolution
		SolutionGuid = {8DBE8040-A2CB-4816-8197-F5A2FA958185}
	EndGlobalSection
EndGlobal
